// !$*UTF8*$!
{
	archiveVersion = 1;
	classes = {
	};
	objectVersion = 50;
	objects = {

/* Begin PBXBuildFile section */
		13712D3320F21BAD001C5898 /* AppDelegate.swift in Sources */ = {isa = PBXBuildFile; fileRef = 13712D3220F21BAD001C5898 /* AppDelegate.swift */; };
		13712D3520F21BAD001C5898 /* ViewController.swift in Sources */ = {isa = PBXBuildFile; fileRef = 13712D3420F21BAD001C5898 /* ViewController.swift */; };
		13712D3820F21BAD001C5898 /* Main.storyboard in Resources */ = {isa = PBXBuildFile; fileRef = 13712D3620F21BAD001C5898 /* Main.storyboard */; };
		13712D3A20F21BBF001C5898 /* Assets.xcassets in Resources */ = {isa = PBXBuildFile; fileRef = 13712D3920F21BBF001C5898 /* Assets.xcassets */; };
		13712D3D20F21BBF001C5898 /* LaunchScreen.storyboard in Resources */ = {isa = PBXBuildFile; fileRef = 13712D3B20F21BBF001C5898 /* LaunchScreen.storyboard */; };
/* End PBXBuildFile section */

/* Begin PBXFileReference section */
		13712D2F20F21BAD001C5898 /* FacebookPopUp.app */ = {isa = PBXFileReference; explicitFileType = wrapper.application; includeInIndex = 0; path = FacebookPopUp.app; sourceTree = BUILT_PRODUCTS_DIR; };
		13712D3220F21BAD001C5898 /* AppDelegate.swift */ = {isa = PBXFileReference; lastKnownFileType = sourcecode.swift; path = AppDelegate.swift; sourceTree = "<group>"; };
		13712D3420F21BAD001C5898 /* ViewController.swift */ = {isa = PBXFileReference; lastKnownFileType = sourcecode.swift; path = ViewController.swift; sourceTree = "<group>"; };
		13712D3720F21BAD001C5898 /* Base */ = {isa = PBXFileReference; lastKnownFileType = file.storyboard; name = Base; path = Base.lproj/Main.storyboard; sourceTree = "<group>"; };
		13712D3920F21BBF001C5898 /* Assets.xcassets */ = {isa = PBXFileReference; lastKnownFileType = folder.assetcatalog; path = Assets.xcassets; sourceTree = "<group>"; };
		13712D3C20F21BBF001C5898 /* Base */ = {isa = PBXFileReference; lastKnownFileType = file.storyboard; name = Base; path = Base.lproj/LaunchScreen.storyboard; sourceTree = "<group>"; };
		13712D3E20F21BC0001C5898 /* Info.plist */ = {isa = PBXFileReference; lastKnownFileType = text.plist.xml; path = Info.plist; sourceTree = "<group>"; };
/* End PBXFileReference section */

/* Begin PBXFrameworksBuildPhase section */
		13712D2C20F21BAD001C5898 /* Frameworks */ = {
			isa = PBXFrameworksBuildPhase;
			buildActionMask = 2147483647;
			files = (
			);
			runOnlyForDeploymentPostprocessing = 0;
		};
/* End PBXFrameworksBuildPhase section */

/* Begin PBXGroup section */
		13712D2620F21BAC001C5898 = {
			isa = PBXGroup;
			children = (
				13712D3120F21BAD001C5898 /* FacebookPopUp */,
				13712D3020F21BAD001C5898 /* Products */,
			);
			sourceTree = "<group>";
		};
		13712D3020F21BAD001C5898 /* Products */ = {
			isa = PBXGroup;
			children = (
				13712D2F20F21BAD001C5898 /* FacebookPopUp.app */,
			);
			name = Products;
			sourceTree = "<group>";
		};
		13712D3120F21BAD001C5898 /* FacebookPopUp */ = {
			isa = PBXGroup;
			children = (
				13712D3220F21BAD001C5898 /* AppDelegate.swift */,
				13712D3420F21BAD001C5898 /* ViewController.swift */,
				13712D3620F21BAD001C5898 /* Main.storyboard */,
				13712D3920F21BBF001C5898 /* Assets.xcassets */,
				13712D3B20F21BBF001C5898 /* LaunchScreen.storyboard */,
				13712D3E20F21BC0001C5898 /* Info.plist */,
			);
			path = FacebookPopUp;
			sourceTree = "<group>";
		};
/* End PBXGroup section */

/* Begin PBXNativeTarget section */
		13712D2E20F21BAD001C5898 /* FacebookPopUp */ = {
			isa = PBXNativeTarget;
			buildConfigurationList = 13712D4120F21BC0001C5898 /* Build configuration list for PBXNativeTarget "FacebookPopUp" */;
			buildPhases = (
				13712D2B20F21BAD001C5898 /* Sources */,
				13712D2C20F21BAD001C5898 /* Frameworks */,
				13712D2D20F21BAD001C5898 /* Resources */,
			);
			buildRules = (
			);
			dependencies = (
			);
			name = FacebookPopUp;
			productName = FacebookPopUp;
			productReference = 13712D2F20F21BAD001C5898 /* FacebookPopUp.app */;
			productType = "com.apple.product-type.application";
		};
/* End PBXNativeTarget section */

/* Begin PBXProject section */
		13712D2720F21BAC001C5898 /* Project object */ = {
			isa = PBXProject;
			attributes = {
				LastSwiftUpdateCheck = 1000;
				LastUpgradeCheck = 1000;
				ORGANIZATIONNAME = "Oleg Minkov";
				TargetAttributes = {
					13712D2E20F21BAD001C5898 = {
						CreatedOnToolsVersion = 10.0;
					};
				};
			};
			buildConfigurationList = 13712D2A20F21BAC001C5898 /* Build configuration list for PBXProject "FacebookPopUp" */;
			compatibilityVersion = "Xcode 9.3";
			developmentRegion = en;
			hasScannedForEncodings = 0;
			knownRegions = (
				en,
				Base,
			);
			mainGroup = 13712D2620F21BAC001C5898;
			productRefGroup = 13712D3020F21BAD001C5898 /* Products */;
			projectDirPath = "";
			projectRoot = "";
			targets = (
				13712D2E20F21BAD001C5898 /* FacebookPopUp */,
			);
		};
/* End PBXProject section */

/* Begin PBXResourcesBuildPhase section */
		13712D2D20F21BAD001C5898 /* Resources */ = {
			isa = PBXResourcesBuildPhase;
			buildActionMask = 2147483647;
			files = (
				13712D3D20F21BBF001C5898 /* LaunchScreen.storyboard in Resources */,
				13712D3A20F21BBF001C5898 /* Assets.xcassets in Resources */,
				13712D3820F21BAD001C5898 /* Main.storyboard in Resources */,
			);
			runOnlyForDeploymentPostprocessing = 0;
		};
/* End PBXResourcesBuildPhase section */

/* Begin PBXSourcesBuildPhase section */
		13712D2B20F21BAD001C5898 /* Sources */ = {
			isa = PBXSourcesBuildPhase;
			buildActionMask = 2147483647;
			files = (
				13712D3520F21BAD001C5898 /* ViewController.swift in Sources */,
				13712D3320F21BAD001C5898 /* AppDelegate.swift in Sources */,
			);
			runOnlyForDeploymentPostprocessing = 0;
		};
/* End PBXSourcesBuildPhase section */

/* Begin PBXVariantGroup section */
		13712D3620F21BAD001C5898 /* Main.storyboard */ = {
			isa = PBXVariantGroup;
			children = (
				13712D3720F21BAD001C5898 /* Base */,
			);
			name = Main.storyboard;
			sourceTree = "<group>";
		};
		13712D3B20F21BBF001C5898 /* LaunchScreen.storyboard */ = {
			isa = PBXVariantGroup;
			children = (
				13712D3C20F21BBF001C5898 /* Base */,
			);
			name = LaunchScreen.storyboard;
			sourceTree = "<group>";
		};
/* End PBXVariantGroup section */

/* Begin XCBuildConfiguration section */
		13712D3F20F21BC0001C5898 /* Debug */ = {
			isa = XCBuildConfiguration;
			buildSettings = {
				ALWAYS_SEARCH_USER_PATHS = NO;
				CLANG_ANALYZER_NONNULL = YES;
				CLANG_ANALYZER_NUMBER_OBJECT_CONVERSION = YES_AGGRESSIVE;
				CLANG_CXX_LANGUAGE_STANDARD = "gnu++14";
				CLANG_CXX_LIBRARY = "libc++";
				CLANG_ENABLE_MODULES = YES;
				CLANG_ENABLE_OBJC_ARC = YES;
				CLANG_ENABLE_OBJC_WEAK = YES;
				CLANG_WARN_BLOCK_CAPTURE_AUTORELEASING = YES;
				CLANG_WARN_BOOL_CONVERSION = YES;
				CLANG_WARN_COMMA = YES;
				CLANG_WARN_CONSTANT_CONVERSION = YES;
				CLANG_WARN_DEPRECATED_OBJC_IMPLEMENTATIONS = YES;
				CLANG_WARN_DIRECT_OBJC_ISA_USAGE = YES_ERROR;
				CLANG_WARN_DOCUMENTATION_COMMENTS = YES;
				CLANG_WARN_EMPTY_BODY = YES;
				CLANG_WARN_ENUM_CONVERSION = YES;
				CLANG_WARN_INFINITE_RECURSION = YES;
				CLANG_WARN_INT_CONVERSION = YES;
				CLANG_WARN_NON_LITERAL_NULL_CONVERSION = YES;
				CLANG_WARN_OBJC_IMPLICIT_RETAIN_SELF = YES;
				CLANG_WARN_OBJC_LITERAL_CONVERSION = YES;
				CLANG_WARN_OBJC_ROOT_CLASS = YES_ERROR;
				CLANG_WARN_RANGE_LOOP_ANALYSIS = YES;
				CLANG_WARN_STRICT_PROTOTYPES = YES;
				CLANG_WARN_SUSPICIOUS_MOVE = YES;
				CLANG_WARN_UNGUARDED_AVAILABILITY = YES_AGGRESSIVE;
				CLANG_WARN_UNREACHABLE_CODE = YES;
				CLANG_WARN__DUPLICATE_METHOD_MATCH = YES;
				CODE_SIGN_IDENTITY = "iPhone Developer";
				COPY_PHASE_STRIP = NO;
				DEBUG_INFORMATION_FORMAT = dwarf;
				ENABLE_STRICT_OBJC_MSGSEND = YES;
				ENABLE_TESTABILITY = YES;
				GCC_C_LANGUAGE_STANDARD = gnu11;
				GCC_DYNAMIC_NO_PIC = NO;
				GCC_NO_COMMON_BLOCKS = YES;
				GCC_OPTIMIZATION_LEVEL = 0;
				GCC_PREPROCESSOR_DEFINITIONS = (
					"DEBUG=1",
					"$(inherited)",
				);
				GCC_WARN_64_TO_32_BIT_CONVERSION = YES;
				GCC_WARN_ABOUT_RETURN_TYPE = YES_ERROR;
				GCC_WARN_UNDECLARED_SELECTOR = YES;
				GCC_WARN_UNINITIALIZED_AUTOS = YES_AGGRESSIVE;
				GCC_WARN_UNUSED_FUNCTION = YES;
				GCC_WARN_UNUSED_VARIABLE = YES;
				IPHONEOS_DEPLOYMENT_TARGET = 12.0;
				MTL_ENABLE_DEBUG_INFO = INCLUDE_SOURCE;
				ONLY_ACTIVE_ARCH = YES;
				SDKROOT = iphoneos;
				SWIFT_ACTIVE_COMPILATION_CONDITIONS = DEBUG;
				SWIFT_OPTIMIZATION_LEVEL = "-Onone";
			};
			name = Debug;
		};
		13712D4020F21BC0001C5898 /* Release */ = {
			isa = XCBuildConfiguration;
			buildSettings = {
				ALWAYS_SEARCH_USER_PATHS = NO;
				CLANG_ANALYZER_NONNULL = YES;
				CLANG_ANALYZER_NUMBER_OBJECT_CONVERSION = YES_AGGRESSIVE;
				CLANG_CXX_LANGUAGE_STANDARD = "gnu++14";
				CLANG_CXX_LIBRARY = "libc++";
				CLANG_ENABLE_MODULES = YES;
				CLANG_ENABLE_OBJC_ARC = YES;
				CLANG_ENABLE_OBJC_WEAK = YES;
				CLANG_WARN_BLOCK_CAPTURE_AUTORELEASING = YES;
				CLANG_WARN_BOOL_CONVERSION = YES;
				CLANG_WARN_COMMA = YES;
				CLANG_WARN_CONSTANT_CONVERSION = YES;
				CLANG_WARN_DEPRECATED_OBJC_IMPLEMENTATIONS = YES;
				CLANG_WARN_DIRECT_OBJC_ISA_USAGE = YES_ERROR;
				CLANG_WARN_DOCUMENTATION_COMMENTS = YES;
				CLANG_WARN_EMPTY_BODY = YES;
				CLANG_WARN_ENUM_CONVERSION = YES;
				CLANG_WARN_INFINITE_RECURSION = YES;
				CLANG_WARN_INT_CONVERSION = YES;
				CLANG_WARN_NON_LITERAL_NULL_CONVERSION = YES;
				CLANG_WARN_OBJC_IMPLICIT_RETAIN_SELF = YES;
				CLANG_WARN_OBJC_LITERAL_CONVERSION = YES;
				CLANG_WARN_OBJC_ROOT_CLASS = YES_ERROR;
				CLANG_WARN_RANGE_LOOP_ANALYSIS = YES;
				CLANG_WARN_STRICT_PROTOTYPES = YES;
				CLANG_WARN_SUSPICIOUS_MOVE = YES;
				CLANG_WARN_UNGUARDED_AVAILABILITY = YES_AGGRESSIVE;
				CLANG_WARN_UNREACHABLE_CODE = YES;
				CLANG_WARN__DUPLICATE_METHOD_MATCH = YES;
				CODE_SIGN_IDENTITY = "iPhone Developer";
				COPY_PHASE_STRIP = NO;
				DEBUG_INFORMATION_FORMAT = "dwarf-with-dsym";
				ENABLE_NS_ASSERTIONS = NO;
				ENABLE_STRICT_OBJC_MSGSEND = YES;
				GCC_C_LANGUAGE_STANDARD = gnu11;
				GCC_NO_COMMON_BLOCKS = YES;
				GCC_WARN_64_TO_32_BIT_CONVERSION = YES;
				GCC_WARN_ABOUT_RETURN_TYPE = YES_ERROR;
				GCC_WARN_UNDECLARED_SELECTOR = YES;
				GCC_WARN_UNINITIALIZED_AUTOS = YES_AGGRESSIVE;
				GCC_WARN_UNUSED_FUNCTION = YES;
				GCC_WARN_UNUSED_VARIABLE = YES;
				IPHONEOS_DEPLOYMENT_TARGET = 12.0;
				MTL_ENABLE_DEBUG_INFO = NO;
				SDKROOT = iphoneos;
				SWIFT_COMPILATION_MODE = wholemodule;
				SWIFT_OPTIMIZATION_LEVEL = "-O";
				VALIDATE_PRODUCT = YES;
			};
			name = Release;
		};
		13712D4220F21BC0001C5898 /* Debug */ = {
			isa = XCBuildConfiguration;
			buildSettings = {
				ASSETCATALOG_COMPILER_APPICON_NAME = AppIcon;
				CODE_SIGN_STYLE = Automatic;
				DEVELOPMENT_TEAM = 3WS684W8VE;
				INFOPLIST_FILE = FacebookPopUp/Info.plist;
				LD_RUNPATH_SEARCH_PATHS = (
					"$(inherited)",
					"@executable_path/Frameworks",
				);
				PRODUCT_BUNDLE_IDENTIFIER = minkov.dev.FacebookPopUp;
				PRODUCT_NAME = "$(TARGET_NAME)";
				SWIFT_VERSION = 4.2;
				TARGETED_DEVICE_FAMILY = "1,2";
			};
			name = Debug;
		};
		13712D4320F21BC0001C5898 /* Release */ = {
			isa = XCBuildConfiguration;
			buildSettings = {
				ASSETCATALOG_COMPILER_APPICON_NAME = AppIcon;
				CODE_SIGN_STYLE = Automatic;
				DEVELOPMENT_TEAM = 3WS684W8VE;
				INFOPLIST_FILE = FacebookPopUp/Info.plist;
				LD_RUNPATH_SEARCH_PATHS = (
					"$(inherited)",
					"@executable_path/Frameworks",
				);
				PRODUCT_BUNDLE_IDENTIFIER = minkov.dev.FacebookPopUp;
				PRODUCT_NAME = "$(TARGET_NAME)";
				SWIFT_VERSION = 4.2;
				TARGETED_DEVICE_FAMILY = "1,2";
			};
			name = Release;
		};
/* End XCBuildConfiguration section */

/* Begin XCConfigurationList section */
		13712D2A20F21BAC001C5898 /* Build configuration list for PBXProject "FacebookPopUp" */ = {
			isa = XCConfigurationList;
			buildConfigurations = (
				13712D3F20F21BC0001C5898 /* Debug */,
				13712D4020F21BC0001C5898 /* Release */,
			);
			defaultConfigurationIsVisible = 0;
			defaultConfigurationName = Release;
		};
		13712D4120F21BC0001C5898 /* Build configuration list for PBXNativeTarget "FacebookPopUp" */ = {
			isa = XCConfigurationList;
			buildConfigurations = (
				13712D4220F21BC0001C5898 /* Debug */,
				13712D4320F21BC0001C5898 /* Release */,
			);
			defaultConfigurationIsVisible = 0;
			defaultConfigurationName = Release;
		};
/* End XCConfigurationList section */
	};
	rootObject = 13712D2720F21BAC001C5898 /* Project object */;
}
